
Microsoft Visual Studio Solution File, Format Version 12.00
Project("{2150E333-8FDC-42A3-9474-1A3956D46DE8}") = "src", "src", "{0358C965-A673-47FC-A968-3872BDE6E6FE}"
EndProject
Project("{2150E333-8FDC-42A3-9474-1A3956D46DE8}") = "tests", "tests", "{7A253215-651A-4FE4-8800-5C7328BE8DC7}"
EndProject
Project("{FAE04EC0-301F-11D3-BF4B-00C04F79EFBC}") = "CashFlow.API", "src\CashFlow.API\CashFlow.API.csproj", "{C5F5B336-AD3A-4371-AF67-897997ECE057}"
EndProject
Global
	GlobalSection(SolutionConfigurationPlatforms) = preSolution
		Debug|Any CPU = Debug|Any CPU
		Release|Any CPU = Release|Any CPU
	EndGlobalSection
	GlobalSection(NestedProjects) = preSolution
		{C5F5B336-AD3A-4371-AF67-897997ECE057} = {0358C965-A673-47FC-A968-3872BDE6E6FE}
	EndGlobalSection
	GlobalSection(ProjectConfigurationPlatforms) = postSolution
		{C5F5B336-AD3A-4371-AF67-897997ECE057}.Debug|Any CPU.ActiveCfg = Debug|Any CPU
		{C5F5B336-AD3A-4371-AF67-897997ECE057}.Debug|Any CPU.Build.0 = Debug|Any CPU
		{C5F5B336-AD3A-4371-AF67-897997ECE057}.Release|Any CPU.ActiveCfg = Release|Any CPU
		{C5F5B336-AD3A-4371-AF67-897997ECE057}.Release|Any CPU.Build.0 = Release|Any CPU
	EndGlobalSection
EndGlobal
