
Microsoft Visual Studio Solution File, Format Version 12.00
Project("{2150E333-8FDC-42A3-9474-1A3956D46DE8}") = "src", "src", "{0358C965-A673-47FC-A968-3872BDE6E6FE}"
EndProject
Project("{2150E333-8FDC-42A3-9474-1A3956D46DE8}") = "tests", "tests", "{7A253215-651A-4FE4-8800-5C7328BE8DC7}"
EndProject
Project("{FAE04EC0-301F-11D3-BF4B-00C04F79EFBC}") = "CashFlow.API", "src\CashFlow.API\CashFlow.API.csproj", "{C5F5B336-AD3A-4371-AF67-897997ECE057}"
EndProject
Project("{FAE04EC0-301F-11D3-BF4B-00C04F79EFBC}") = "CashFlow.Domain", "src\CashFlow.Domain\CashFlow.Domain.csproj", "{1F54160F-7E04-4218-851A-B641CB2FBFA5}"
EndProject
Project("{FAE04EC0-301F-11D3-BF4B-00C04F79EFBC}") = "CashFlow.Application", "src\CashFlow.Application\CashFlow.Application.csproj", "{438EBA55-929F-45AA-B2EE-A9EEDFD883A6}"
EndProject
Project("{FAE04EC0-301F-11D3-BF4B-00C04F79EFBC}") = "CashFlow.Communication", "src\CashFlow.Communication\CashFlow.Communication.csproj", "{0AEF82C3-B8B7-4C43-86E8-D464DC8B7120}"
EndProject
Project("{FAE04EC0-301F-11D3-BF4B-00C04F79EFBC}") = "CashFlow.Exception", "src\CashFlow.Exception\CashFlow.Exception.csproj", "{72567116-5613-40CC-B289-8EFE230DA6CA}"
EndProject
Project("{FAE04EC0-301F-11D3-BF4B-00C04F79EFBC}") = "CashFlow.Infrastructure", "src\CashFlow.Infrastructure\CashFlow.Infrastructure.csproj", "{3BF7003B-DB03-406A-AB7B-145755ABD7A3}"
EndProject
Project("{FAE04EC0-301F-11D3-BF4B-00C04F79EFBC}") = "Validators.Test", "Validators.Test\Validators.Test.csproj", "{2163389C-2FC1-46FF-BF71-B147AB547D8C}"
EndProject
Global
	GlobalSection(SolutionConfigurationPlatforms) = preSolution
		Debug|Any CPU = Debug|Any CPU
		Release|Any CPU = Release|Any CPU
	EndGlobalSection
	GlobalSection(NestedProjects) = preSolution
		{C5F5B336-AD3A-4371-AF67-897997ECE057} = {0358C965-A673-47FC-A968-3872BDE6E6FE}
		{1F54160F-7E04-4218-851A-B641CB2FBFA5} = {0358C965-A673-47FC-A968-3872BDE6E6FE}
		{438EBA55-929F-45AA-B2EE-A9EEDFD883A6} = {0358C965-A673-47FC-A968-3872BDE6E6FE}
		{0AEF82C3-B8B7-4C43-86E8-D464DC8B7120} = {0358C965-A673-47FC-A968-3872BDE6E6FE}
		{72567116-5613-40CC-B289-8EFE230DA6CA} = {0358C965-A673-47FC-A968-3872BDE6E6FE}
		{3BF7003B-DB03-406A-AB7B-145755ABD7A3} = {0358C965-A673-47FC-A968-3872BDE6E6FE}
		{2163389C-2FC1-46FF-BF71-B147AB547D8C} = {7A253215-651A-4FE4-8800-5C7328BE8DC7}
	EndGlobalSection
	GlobalSection(ProjectConfigurationPlatforms) = postSolution
		{C5F5B336-AD3A-4371-AF67-897997ECE057}.Debug|Any CPU.ActiveCfg = Debug|Any CPU
		{C5F5B336-AD3A-4371-AF67-897997ECE057}.Debug|Any CPU.Build.0 = Debug|Any CPU
		{C5F5B336-AD3A-4371-AF67-897997ECE057}.Release|Any CPU.ActiveCfg = Release|Any CPU
		{C5F5B336-AD3A-4371-AF67-897997ECE057}.Release|Any CPU.Build.0 = Release|Any CPU
		{1F54160F-7E04-4218-851A-B641CB2FBFA5}.Debug|Any CPU.ActiveCfg = Debug|Any CPU
		{1F54160F-7E04-4218-851A-B641CB2FBFA5}.Debug|Any CPU.Build.0 = Debug|Any CPU
		{1F54160F-7E04-4218-851A-B641CB2FBFA5}.Release|Any CPU.ActiveCfg = Release|Any CPU
		{1F54160F-7E04-4218-851A-B641CB2FBFA5}.Release|Any CPU.Build.0 = Release|Any CPU
		{438EBA55-929F-45AA-B2EE-A9EEDFD883A6}.Debug|Any CPU.ActiveCfg = Debug|Any CPU
		{438EBA55-929F-45AA-B2EE-A9EEDFD883A6}.Debug|Any CPU.Build.0 = Debug|Any CPU
		{438EBA55-929F-45AA-B2EE-A9EEDFD883A6}.Release|Any CPU.ActiveCfg = Release|Any CPU
		{438EBA55-929F-45AA-B2EE-A9EEDFD883A6}.Release|Any CPU.Build.0 = Release|Any CPU
		{0AEF82C3-B8B7-4C43-86E8-D464DC8B7120}.Debug|Any CPU.ActiveCfg = Debug|Any CPU
		{0AEF82C3-B8B7-4C43-86E8-D464DC8B7120}.Debug|Any CPU.Build.0 = Debug|Any CPU
		{0AEF82C3-B8B7-4C43-86E8-D464DC8B7120}.Release|Any CPU.ActiveCfg = Release|Any CPU
		{0AEF82C3-B8B7-4C43-86E8-D464DC8B7120}.Release|Any CPU.Build.0 = Release|Any CPU
		{72567116-5613-40CC-B289-8EFE230DA6CA}.Debug|Any CPU.ActiveCfg = Debug|Any CPU
		{72567116-5613-40CC-B289-8EFE230DA6CA}.Debug|Any CPU.Build.0 = Debug|Any CPU
		{72567116-5613-40CC-B289-8EFE230DA6CA}.Release|Any CPU.ActiveCfg = Release|Any CPU
		{72567116-5613-40CC-B289-8EFE230DA6CA}.Release|Any CPU.Build.0 = Release|Any CPU
		{3BF7003B-DB03-406A-AB7B-145755ABD7A3}.Debug|Any CPU.ActiveCfg = Debug|Any CPU
		{3BF7003B-DB03-406A-AB7B-145755ABD7A3}.Debug|Any CPU.Build.0 = Debug|Any CPU
		{3BF7003B-DB03-406A-AB7B-145755ABD7A3}.Release|Any CPU.ActiveCfg = Release|Any CPU
		{3BF7003B-DB03-406A-AB7B-145755ABD7A3}.Release|Any CPU.Build.0 = Release|Any CPU
		{2163389C-2FC1-46FF-BF71-B147AB547D8C}.Debug|Any CPU.ActiveCfg = Debug|Any CPU
		{2163389C-2FC1-46FF-BF71-B147AB547D8C}.Debug|Any CPU.Build.0 = Debug|Any CPU
		{2163389C-2FC1-46FF-BF71-B147AB547D8C}.Release|Any CPU.ActiveCfg = Release|Any CPU
		{2163389C-2FC1-46FF-BF71-B147AB547D8C}.Release|Any CPU.Build.0 = Release|Any CPU
	EndGlobalSection
EndGlobal
